
Microsoft Visual Studio Solution File, Format Version 12.00
# Visual Studio Version 17
VisualStudioVersion = 17.11.35222.181
MinimumVisualStudioVersion = 10.0.40219.1
Project("{2150E333-8FDC-42A3-9474-1A3956D46DE8}") = "Config", "Config", "{7E0FD571-AE7F-4134-9AEE-54DA5C89F5F2}"
	ProjectSection(SolutionItems) = preProject
		..\Config\appsettings.json = ..\Config\appsettings.json
	EndProjectSection
EndProject
Project("{2150E333-8FDC-42A3-9474-1A3956D46DE8}") = "PlatformApp", "PlatformApp", "{87A476A2-46EA-4B10-80B2-A076404D917E}"
EndProject
Project("{2150E333-8FDC-42A3-9474-1A3956D46DE8}") = "EasyMartApp", "EasyMartApp", "{7D1C3986-FBBE-42C1-89F0-292B5406EF7D}"
EndProject
Project("{2150E333-8FDC-42A3-9474-1A3956D46DE8}") = "BL", "BL", "{FEAF80E7-410E-45AC-865A-FB08849A5886}"
EndProject
Project("{2150E333-8FDC-42A3-9474-1A3956D46DE8}") = "DL", "DL", "{3674EB0D-2B03-4C93-88C6-F4D87EEC6627}"
EndProject
Project("{2150E333-8FDC-42A3-9474-1A3956D46DE8}") = "Model", "Model", "{67751637-41BB-4910-BFD1-BBE65F65818B}"
EndProject
Project("{2150E333-8FDC-42A3-9474-1A3956D46DE8}") = "Worker", "Worker", "{0FDF70DB-62BD-4834-87B6-EF0CA9AF5E3F}"
EndProject
Project("{2150E333-8FDC-42A3-9474-1A3956D46DE8}") = "Service", "Service", "{AC1EE7ED-C39E-4787-8621-78AE86990B51}"
EndProject
Project("{2150E333-8FDC-42A3-9474-1A3956D46DE8}") = "Library", "Library", "{671DDE25-2B11-4D6D-BED5-5B7068E5B768}"
EndProject
Project("{2150E333-8FDC-42A3-9474-1A3956D46DE8}") = "Auth", "Auth", "{9D78EE03-217B-40E5-A81E-D2FCB8DB7A95}"
EndProject
Project("{9A19103F-16F7-4668-BE54-9A1E7A4F7556}") = "EasyMart.Auth.API", "Service\Auth\EasyMart.Auth.API\EasyMart.Auth.API.csproj", "{F7B98D30-3916-49BA-9087-3772AA981B1C}"
EndProject
Project("{2150E333-8FDC-42A3-9474-1A3956D46DE8}") = "Business", "Business", "{68DC9A4F-41FC-4085-A096-57CB963143ED}"
EndProject
Project("{9A19103F-16F7-4668-BE54-9A1E7A4F7556}") = "EasyMart.DI.API", "Service\Business\EasyMart.DI.API\EasyMart.DI.API.csproj", "{67575F00-544E-477A-B343-73E3A0FE7D27}"
EndProject
Project("{9A19103F-16F7-4668-BE54-9A1E7A4F7556}") = "BASE.Service.Core", "..\PlatformBase\BASE.Service.Core\BASE.Service.Core.csproj", "{E81C8D89-DDFA-4B20-BD76-B2FF4EB1B165}"
EndProject
Project("{9A19103F-16F7-4668-BE54-9A1E7A4F7556}") = "BASE.Service.Core.BL", "..\PlatformBase\BASE.Service.Core.BL\BASE.Service.Core.BL.csproj", "{42A41A7B-7804-4C66-9153-6A022426DDC1}"
EndProject
Project("{9A19103F-16F7-4668-BE54-9A1E7A4F7556}") = "BASE.Service.Core.Database", "..\PlatformBase\BASE.Service.Core.Database\BASE.Service.Core.Database.csproj", "{EB3ABB7B-6D5C-434B-8D54-754C78466E93}"
EndProject
Project("{9A19103F-16F7-4668-BE54-9A1E7A4F7556}") = "BASE.Service.Core.Model", "..\PlatformBase\BASE.Service.Core.Model\BASE.Service.Core.Model.csproj", "{4B660FA4-35B3-4DCC-AD7A-1E1673969E2E}"
EndProject
Project("{9A19103F-16F7-4668-BE54-9A1E7A4F7556}") = "BASE.Service.Core.Web", "..\PlatformBase\BASE.Service.Core.Web\BASE.Service.Core.Web.csproj", "{90A2E7FC-F6D6-4E73-90F1-62C270FECAA4}"
EndProject
Project("{9A19103F-16F7-4668-BE54-9A1E7A4F7556}") = "EasyMart.BLBase", "BL\EasyMart.BLBase\EasyMart.BLBase.csproj", "{F33901CC-F3C1-4C92-A50A-299C8932BBA8}"
EndProject
Project("{9A19103F-16F7-4668-BE54-9A1E7A4F7556}") = "EasyMart.DLBase", "DL\EasyMart.DLBase\EasyMart.DLBase.csproj", "{231AE941-0F5A-4BC5-9EDC-691E3D375A29}"
EndProject
Project("{FAE04EC0-301F-11D3-BF4B-00C04F79EFBC}") = "EasyMart.BL", "BL\EasyMart.BL\EasyMart.BL.csproj", "{6A7CFBC5-5C19-498C-BC59-4C41E7AA646D}"
EndProject
Project("{FAE04EC0-301F-11D3-BF4B-00C04F79EFBC}") = "EasyMart.DL", "DL\EasyMart.DL\EasyMart.DL.csproj", "{B1FB11DB-F68C-4365-8813-FE60E5E608C5}"
EndProject
Global
	GlobalSection(SolutionConfigurationPlatforms) = preSolution
		Debug|Any CPU = Debug|Any CPU
		Release|Any CPU = Release|Any CPU
	EndGlobalSection
	GlobalSection(ProjectConfigurationPlatforms) = postSolution
		{F7B98D30-3916-49BA-9087-3772AA981B1C}.Debug|Any CPU.ActiveCfg = Debug|Any CPU
		{F7B98D30-3916-49BA-9087-3772AA981B1C}.Debug|Any CPU.Build.0 = Debug|Any CPU
		{F7B98D30-3916-49BA-9087-3772AA981B1C}.Release|Any CPU.ActiveCfg = Release|Any CPU
		{F7B98D30-3916-49BA-9087-3772AA981B1C}.Release|Any CPU.Build.0 = Release|Any CPU
		{67575F00-544E-477A-B343-73E3A0FE7D27}.Debug|Any CPU.ActiveCfg = Debug|Any CPU
		{67575F00-544E-477A-B343-73E3A0FE7D27}.Debug|Any CPU.Build.0 = Debug|Any CPU
		{67575F00-544E-477A-B343-73E3A0FE7D27}.Release|Any CPU.ActiveCfg = Release|Any CPU
		{67575F00-544E-477A-B343-73E3A0FE7D27}.Release|Any CPU.Build.0 = Release|Any CPU
		{E81C8D89-DDFA-4B20-BD76-B2FF4EB1B165}.Debug|Any CPU.ActiveCfg = Debug|Any CPU
		{E81C8D89-DDFA-4B20-BD76-B2FF4EB1B165}.Debug|Any CPU.Build.0 = Debug|Any CPU
		{E81C8D89-DDFA-4B20-BD76-B2FF4EB1B165}.Release|Any CPU.ActiveCfg = Release|Any CPU
		{E81C8D89-DDFA-4B20-BD76-B2FF4EB1B165}.Release|Any CPU.Build.0 = Release|Any CPU
		{42A41A7B-7804-4C66-9153-6A022426DDC1}.Debug|Any CPU.ActiveCfg = Debug|Any CPU
		{42A41A7B-7804-4C66-9153-6A022426DDC1}.Debug|Any CPU.Build.0 = Debug|Any CPU
		{42A41A7B-7804-4C66-9153-6A022426DDC1}.Release|Any CPU.ActiveCfg = Release|Any CPU
		{42A41A7B-7804-4C66-9153-6A022426DDC1}.Release|Any CPU.Build.0 = Release|Any CPU
		{EB3ABB7B-6D5C-434B-8D54-754C78466E93}.Debug|Any CPU.ActiveCfg = Debug|Any CPU
		{EB3ABB7B-6D5C-434B-8D54-754C78466E93}.Debug|Any CPU.Build.0 = Debug|Any CPU
		{EB3ABB7B-6D5C-434B-8D54-754C78466E93}.Release|Any CPU.ActiveCfg = Release|Any CPU
		{EB3ABB7B-6D5C-434B-8D54-754C78466E93}.Release|Any CPU.Build.0 = Release|Any CPU
		{4B660FA4-35B3-4DCC-AD7A-1E1673969E2E}.Debug|Any CPU.ActiveCfg = Debug|Any CPU
		{4B660FA4-35B3-4DCC-AD7A-1E1673969E2E}.Debug|Any CPU.Build.0 = Debug|Any CPU
		{4B660FA4-35B3-4DCC-AD7A-1E1673969E2E}.Release|Any CPU.ActiveCfg = Release|Any CPU
		{4B660FA4-35B3-4DCC-AD7A-1E1673969E2E}.Release|Any CPU.Build.0 = Release|Any CPU
		{90A2E7FC-F6D6-4E73-90F1-62C270FECAA4}.Debug|Any CPU.ActiveCfg = Debug|Any CPU
		{90A2E7FC-F6D6-4E73-90F1-62C270FECAA4}.Debug|Any CPU.Build.0 = Debug|Any CPU
		{90A2E7FC-F6D6-4E73-90F1-62C270FECAA4}.Release|Any CPU.ActiveCfg = Release|Any CPU
		{90A2E7FC-F6D6-4E73-90F1-62C270FECAA4}.Release|Any CPU.Build.0 = Release|Any CPU
		{F33901CC-F3C1-4C92-A50A-299C8932BBA8}.Debug|Any CPU.ActiveCfg = Debug|Any CPU
		{F33901CC-F3C1-4C92-A50A-299C8932BBA8}.Debug|Any CPU.Build.0 = Debug|Any CPU
		{F33901CC-F3C1-4C92-A50A-299C8932BBA8}.Release|Any CPU.ActiveCfg = Release|Any CPU
		{F33901CC-F3C1-4C92-A50A-299C8932BBA8}.Release|Any CPU.Build.0 = Release|Any CPU
		{231AE941-0F5A-4BC5-9EDC-691E3D375A29}.Debug|Any CPU.ActiveCfg = Debug|Any CPU
		{231AE941-0F5A-4BC5-9EDC-691E3D375A29}.Debug|Any CPU.Build.0 = Debug|Any CPU
		{231AE941-0F5A-4BC5-9EDC-691E3D375A29}.Release|Any CPU.ActiveCfg = Release|Any CPU
		{231AE941-0F5A-4BC5-9EDC-691E3D375A29}.Release|Any CPU.Build.0 = Release|Any CPU
		{6A7CFBC5-5C19-498C-BC59-4C41E7AA646D}.Debug|Any CPU.ActiveCfg = Debug|Any CPU
		{6A7CFBC5-5C19-498C-BC59-4C41E7AA646D}.Debug|Any CPU.Build.0 = Debug|Any CPU
		{6A7CFBC5-5C19-498C-BC59-4C41E7AA646D}.Release|Any CPU.ActiveCfg = Release|Any CPU
		{6A7CFBC5-5C19-498C-BC59-4C41E7AA646D}.Release|Any CPU.Build.0 = Release|Any CPU
		{B1FB11DB-F68C-4365-8813-FE60E5E608C5}.Debug|Any CPU.ActiveCfg = Debug|Any CPU
		{B1FB11DB-F68C-4365-8813-FE60E5E608C5}.Debug|Any CPU.Build.0 = Debug|Any CPU
		{B1FB11DB-F68C-4365-8813-FE60E5E608C5}.Release|Any CPU.ActiveCfg = Release|Any CPU
		{B1FB11DB-F68C-4365-8813-FE60E5E608C5}.Release|Any CPU.Build.0 = Release|Any CPU
	EndGlobalSection
	GlobalSection(SolutionProperties) = preSolution
		HideSolutionNode = FALSE
	EndGlobalSection
	GlobalSection(NestedProjects) = preSolution
		{FEAF80E7-410E-45AC-865A-FB08849A5886} = {7D1C3986-FBBE-42C1-89F0-292B5406EF7D}
		{3674EB0D-2B03-4C93-88C6-F4D87EEC6627} = {7D1C3986-FBBE-42C1-89F0-292B5406EF7D}
		{67751637-41BB-4910-BFD1-BBE65F65818B} = {7D1C3986-FBBE-42C1-89F0-292B5406EF7D}
		{0FDF70DB-62BD-4834-87B6-EF0CA9AF5E3F} = {7D1C3986-FBBE-42C1-89F0-292B5406EF7D}
		{AC1EE7ED-C39E-4787-8621-78AE86990B51} = {7D1C3986-FBBE-42C1-89F0-292B5406EF7D}
		{671DDE25-2B11-4D6D-BED5-5B7068E5B768} = {7D1C3986-FBBE-42C1-89F0-292B5406EF7D}
		{9D78EE03-217B-40E5-A81E-D2FCB8DB7A95} = {AC1EE7ED-C39E-4787-8621-78AE86990B51}
		{F7B98D30-3916-49BA-9087-3772AA981B1C} = {9D78EE03-217B-40E5-A81E-D2FCB8DB7A95}
		{68DC9A4F-41FC-4085-A096-57CB963143ED} = {AC1EE7ED-C39E-4787-8621-78AE86990B51}
		{67575F00-544E-477A-B343-73E3A0FE7D27} = {68DC9A4F-41FC-4085-A096-57CB963143ED}
		{E81C8D89-DDFA-4B20-BD76-B2FF4EB1B165} = {87A476A2-46EA-4B10-80B2-A076404D917E}
		{42A41A7B-7804-4C66-9153-6A022426DDC1} = {87A476A2-46EA-4B10-80B2-A076404D917E}
		{EB3ABB7B-6D5C-434B-8D54-754C78466E93} = {87A476A2-46EA-4B10-80B2-A076404D917E}
		{4B660FA4-35B3-4DCC-AD7A-1E1673969E2E} = {87A476A2-46EA-4B10-80B2-A076404D917E}
		{90A2E7FC-F6D6-4E73-90F1-62C270FECAA4} = {87A476A2-46EA-4B10-80B2-A076404D917E}
		{F33901CC-F3C1-4C92-A50A-299C8932BBA8} = {FEAF80E7-410E-45AC-865A-FB08849A5886}
		{231AE941-0F5A-4BC5-9EDC-691E3D375A29} = {3674EB0D-2B03-4C93-88C6-F4D87EEC6627}
		{6A7CFBC5-5C19-498C-BC59-4C41E7AA646D} = {FEAF80E7-410E-45AC-865A-FB08849A5886}
		{B1FB11DB-F68C-4365-8813-FE60E5E608C5} = {3674EB0D-2B03-4C93-88C6-F4D87EEC6627}
	EndGlobalSection
	GlobalSection(ExtensibilityGlobals) = postSolution
		SolutionGuid = {6982B072-ADC1-4C2B-9194-484C9B4DE6E1}
	EndGlobalSection
EndGlobal
